# This file is generated by running "yarn install" inside your project.
# Manual changes might be lost - proceed with caution!

__metadata:
  version: 8
  cacheKey: 10c0

"@casehubio/blocks-ui-blocks-timeline@portal:./.casehub-packages/packages/blocks-timeline::locator=trellis-webui%40workspace%3A.":
  version: 0.0.0-use.local
  resolution: "@casehubio/blocks-ui-blocks-timeline@portal:./.casehub-packages/packages/blocks-timeline::locator=trellis-webui%40workspace%3A."
  dependencies:
    "@casehubio/blocks-ui-core": "npm:0.2.2"
    "@casehubio/pages-data": "npm:*"
    "@casehubio/pages-primitives": "npm:*"
    lit: "npm:^3.2.0"
  languageName: node
  linkType: soft

"@casehubio/blocks-ui-core@portal:./.casehub-packages/packages/blocks-ui-core::locator=trellis-webui%40workspace%3A.":
  version: 0.0.0-use.local
  resolution: "@casehubio/blocks-ui-core@portal:./.casehub-packages/packages/blocks-ui-core::locator=trellis-webui%40workspace%3A."
  dependencies:
    "@casehubio/pages-component": "npm:*"
    "@casehubio/pages-data": "npm:*"
    "@casehubio/pages-primitives": "npm:*"
    "@casehubio/pages-ui-tokens": "npm:*"
    lit: "npm:^3.3.3"
  languageName: node
  linkType: soft

"@casehubio/blocks-ui-kpi-metric-row@portal:./.casehub-packages/packages/kpi-metric-row::locator=trellis-webui%40workspace%3A.":
  version: 0.0.0-use.local
  resolution: "@casehubio/blocks-ui-kpi-metric-row@portal:./.casehub-packages/packages/kpi-metric-row::locator=trellis-webui%40workspace%3A."
  dependencies:
    "@casehubio/blocks-ui-core": "npm:0.2.2"
    "@casehubio/pages-primitives": "npm:*"
    lit: "npm:^3.1.0"
  languageName: node
  linkType: soft

"@casehubio/pages-component@portal:./.casehub-packages/packages/pages-component::locator=trellis-webui%40workspace%3A.":
  version: 0.0.0-use.local
  resolution: "@casehubio/pages-component@portal:./.casehub-packages/packages/pages-component::locator=trellis-webui%40workspace%3A."
  dependencies:
    "@casehubio/pages-data": "npm:0.2.3"
  languageName: node
  linkType: soft

"@casehubio/pages-data@portal:./.casehub-packages/packages/pages-data::locator=trellis-webui%40workspace%3A.":
  version: 0.0.0-use.local
  resolution: "@casehubio/pages-data@portal:./.casehub-packages/packages/pages-data::locator=trellis-webui%40workspace%3A."
  dependencies:
    jsonata: "npm:^2.2.1"
    zod: "npm:^3.23.0"
  languageName: node
  linkType: soft

"@casehubio/pages-primitives@portal:./.casehub-packages/packages/pages-primitives::locator=trellis-webui%40workspace%3A.":
  version: 0.0.0-use.local
  resolution: "@casehubio/pages-primitives@portal:./.casehub-packages/packages/pages-primitives::locator=trellis-webui%40workspace%3A."
  dependencies:
    lit: "npm:^3.3.3"
  languageName: node
  linkType: soft

"@casehubio/pages-runtime@portal:./.casehub-packages/packages/pages-runtime::locator=trellis-webui%40workspace%3A.":
  version: 0.0.0-use.local
  resolution: "@casehubio/pages-runtime@portal:./.casehub-packages/packages/pages-runtime::locator=trellis-webui%40workspace%3A."
  dependencies:
    "@casehubio/pages-component": "npm:0.2.3"
    "@casehubio/pages-data": "npm:0.2.3"
    "@casehubio/pages-table": "npm:0.2.3"
    "@casehubio/pages-ui": "npm:0.2.3"
    "@casehubio/pages-ui-components": "npm:0.2.3"
    "@casehubio/pages-ui-tokens": "npm:0.3.0"
    "@casehubio/pages-viz": "npm:0.2.3"
    js-yaml: "npm:^4.1.0"
    marked: "npm:^15.0.0"
  languageName: node
  linkType: soft

"@casehubio/pages-table@portal:./.casehub-packages/packages/pages-table::locator=trellis-webui%40workspace%3A.":
  version: 0.0.0-use.local
  resolution: "@casehubio/pages-table@portal:./.casehub-packages/packages/pages-table::locator=trellis-webui%40workspace%3A."
  dependencies:
    "@casehubio/pages-component": "npm:0.2.3"
    "@casehubio/pages-data": "npm:0.2.3"
    "@casehubio/pages-primitives": "npm:0.2.3"
    lit: "npm:^3.0.0"
  languageName: node
  linkType: soft

"@casehubio/pages-ui-components@portal:./.casehub-packages/packages/pages-ui-components::locator=trellis-webui%40workspace%3A.":
  version: 0.0.0-use.local
  resolution: "@casehubio/pages-ui-components@portal:./.casehub-packages/packages/pages-ui-components::locator=trellis-webui%40workspace%3A."
  dependencies:
    lit: "npm:^3.3.3"
  languageName: node
  linkType: soft

"@casehubio/pages-ui-tokens@portal:./.casehub-packages/packages/pages-ui-tokens::locator=trellis-webui%40workspace%3A.":
  version: 0.0.0-use.local
  resolution: "@casehubio/pages-ui-tokens@portal:./.casehub-packages/packages/pages-ui-tokens::locator=trellis-webui%40workspace%3A."
  dependencies:
    lit: "npm:^3.3.3"
  bin:
    pages-tokens: dist/cli.js
  languageName: node
  linkType: soft

"@casehubio/pages-ui@portal:./.casehub-packages/packages/pages-ui::locator=trellis-webui%40workspace%3A.":
  version: 0.0.0-use.local
  resolution: "@casehubio/pages-ui@portal:./.casehub-packages/packages/pages-ui::locator=trellis-webui%40workspace%3A."
  dependencies:
    "@casehubio/pages-component": "npm:0.2.3"
    "@casehubio/pages-data": "npm:0.2.3"
    zod: "npm:^3.23.0"
  languageName: node
  linkType: soft

"@casehubio/pages-viz@portal:./.casehub-packages/packages/pages-viz::locator=trellis-webui%40workspace%3A.":
  version: 0.0.0-use.local
  resolution: "@casehubio/pages-viz@portal:./.casehub-packages/packages/pages-viz::locator=trellis-webui%40workspace%3A."
  dependencies:
    "@casehubio/pages-component": "npm:0.2.3"
    "@casehubio/pages-data": "npm:0.2.3"
    "@casehubio/pages-ui-components": "npm:0.2.3"
    echarts: "npm:^5.6.0"
    lit: "npm:^3.3.3"
  languageName: node
  linkType: soft

"@esbuild/aix-ppc64@npm:0.25.12":
  version: 0.25.12
  resolution: "@esbuild/aix-ppc64@npm:0.25.12"
  conditions: os=aix & cpu=ppc64
  languageName: node
  linkType: hard

"@esbuild/android-arm64@npm:0.25.12":
  version: 0.25.12
  resolution: "@esbuild/android-arm64@npm:0.25.12"
  conditions: os=android & cpu=arm64
  languageName: node
  linkType: hard

"@esbuild/android-arm@npm:0.25.12":
  version: 0.25.12
  resolution: "@esbuild/android-arm@npm:0.25.12"
  conditions: os=android & cpu=arm
  languageName: node
  linkType: hard

"@esbuild/android-x64@npm:0.25.12":
  version: 0.25.12
  resolution: "@esbuild/android-x64@npm:0.25.12"
  conditions: os=android & cpu=x64
  languageName: node
  linkType: hard

"@esbuild/darwin-arm64@npm:0.25.12":
  version: 0.25.12
  resolution: "@esbuild/darwin-arm64@npm:0.25.12"
  conditions: os=darwin & cpu=arm64
  languageName: node
  linkType: hard

"@esbuild/darwin-x64@npm:0.25.12":
  version: 0.25.12
  resolution: "@esbuild/darwin-x64@npm:0.25.12"
  conditions: os=darwin & cpu=x64
  languageName: node
  linkType: hard

"@esbuild/freebsd-arm64@npm:0.25.12":
  version: 0.25.12
  resolution: "@esbuild/freebsd-arm64@npm:0.25.12"
  conditions: os=freebsd & cpu=arm64
  languageName: node
  linkType: hard

"@esbuild/freebsd-x64@npm:0.25.12":
  version: 0.25.12
  resolution: "@esbuild/freebsd-x64@npm:0.25.12"
  conditions: os=freebsd & cpu=x64
  languageName: node
  linkType: hard

"@esbuild/linux-arm64@npm:0.25.12":
  version: 0.25.12
  resolution: "@esbuild/linux-arm64@npm:0.25.12"
  conditions: os=linux & cpu=arm64
  languageName: node
  linkType: hard

"@esbuild/linux-arm@npm:0.25.12":
  version: 0.25.12
  resolution: "@esbuild/linux-arm@npm:0.25.12"
  conditions: os=linux & cpu=arm
  languageName: node
  linkType: hard

"@esbuild/linux-ia32@npm:0.25.12":
  version: 0.25.12
  resolution: "@esbuild/linux-ia32@npm:0.25.12"
  conditions: os=linux & cpu=ia32
  languageName: node
  linkType: hard

"@esbuild/linux-loong64@npm:0.25.12":
  version: 0.25.12
  resolution: "@esbuild/linux-loong64@npm:0.25.12"
  conditions: os=linux & cpu=loong64
  languageName: node
  linkType: hard

"@esbuild/linux-mips64el@npm:0.25.12":
  version: 0.25.12
  resolution: "@esbuild/linux-mips64el@npm:0.25.12"
  conditions: os=linux & cpu=mips64el
  languageName: node
  linkType: hard

"@esbuild/linux-ppc64@npm:0.25.12":
  version: 0.25.12
  resolution: "@esbuild/linux-ppc64@npm:0.25.12"
  conditions: os=linux & cpu=ppc64
  languageName: node
  linkType: hard

"@esbuild/linux-riscv64@npm:0.25.12":
  version: 0.25.12
  resolution: "@esbuild/linux-riscv64@npm:0.25.12"
  conditions: os=linux & cpu=riscv64
  languageName: node
  linkType: hard

"@esbuild/linux-s390x@npm:0.25.12":
  version: 0.25.12
  resolution: "@esbuild/linux-s390x@npm:0.25.12"
  conditions: os=linux & cpu=s390x
  languageName: node
  linkType: hard

"@esbuild/linux-x64@npm:0.25.12":
  version: 0.25.12
  resolution: "@esbuild/linux-x64@npm:0.25.12"
  conditions: os=linux & cpu=x64
  languageName: node
  linkType: hard

"@esbuild/netbsd-arm64@npm:0.25.12":
  version: 0.25.12
  resolution: "@esbuild/netbsd-arm64@npm:0.25.12"
  conditions: os=netbsd & cpu=arm64
  languageName: node
  linkType: hard

"@esbuild/netbsd-x64@npm:0.25.12":
  version: 0.25.12
  resolution: "@esbuild/netbsd-x64@npm:0.25.12"
  conditions: os=netbsd & cpu=x64
  languageName: node
  linkType: hard

"@esbuild/openbsd-arm64@npm:0.25.12":
  version: 0.25.12
  resolution: "@esbuild/openbsd-arm64@npm:0.25.12"
  conditions: os=openbsd & cpu=arm64
  languageName: node
  linkType: hard

"@esbuild/openbsd-x64@npm:0.25.12":
  version: 0.25.12
  resolution: "@esbuild/openbsd-x64@npm:0.25.12"
  conditions: os=openbsd & cpu=x64
  languageName: node
  linkType: hard

"@esbuild/openharmony-arm64@npm:0.25.12":
  version: 0.25.12
  resolution: "@esbuild/openharmony-arm64@npm:0.25.12"
  conditions: os=openharmony & cpu=arm64
  languageName: node
  linkType: hard

"@esbuild/sunos-x64@npm:0.25.12":
  version: 0.25.12
  resolution: "@esbuild/sunos-x64@npm:0.25.12"
  conditions: os=sunos & cpu=x64
  languageName: node
  linkType: hard

"@esbuild/win32-arm64@npm:0.25.12":
  version: 0.25.12
  resolution: "@esbuild/win32-arm64@npm:0.25.12"
  conditions: os=win32 & cpu=arm64
  languageName: node
  linkType: hard

"@esbuild/win32-ia32@npm:0.25.12":
  version: 0.25.12
  resolution: "@esbuild/win32-ia32@npm:0.25.12"
  conditions: os=win32 & cpu=ia32
  languageName: node
  linkType: hard

"@esbuild/win32-x64@npm:0.25.12":
  version: 0.25.12
  resolution: "@esbuild/win32-x64@npm:0.25.12"
  conditions: os=win32 & cpu=x64
  languageName: node
  linkType: hard

"@lit-labs/ssr-dom-shim@npm:^1.5.0":
  version: 1.6.0
  resolution: "@lit-labs/ssr-dom-shim@npm:1.6.0"
  checksum: 10c0/deffcfd765d268820beef600a1c1cf9d3cf1a5cb4bbe7e80843796ff33d1a122f4e5651ef4a44b33d36e5fa6538e6ee87a95b9d40b4a26cabf3c35b45194c87a
  languageName: node
  linkType: hard

"@lit/reactive-element@npm:^2.1.0":
  version: 2.1.2
  resolution: "@lit/reactive-element@npm:2.1.2"
  dependencies:
    "@lit-labs/ssr-dom-shim": "npm:^1.5.0"
  checksum: 10c0/557069ce6ebbbafb1140e1e0a25ce73d3501bf455cda231d42bb131baa9065c54b6b7ca1655507eede397decd7ddde16c84192cb72a07d4edf41d54e07725933
  languageName: node
  linkType: hard

"@types/trusted-types@npm:^2.0.2":
  version: 2.0.7
  resolution: "@types/trusted-types@npm:2.0.7"
  checksum: 10c0/4c4855f10de7c6c135e0d32ce462419d8abbbc33713b31d294596c0cc34ae1fa6112a2f9da729c8f7a20707782b0d69da3b1f8df6645b0366d08825ca1522e0c
  languageName: node
  linkType: hard

"@xterm/addon-fit@npm:^0.10.0":
  version: 0.10.0
  resolution: "@xterm/addon-fit@npm:0.10.0"
  peerDependencies:
    "@xterm/xterm": ^5.0.0
  checksum: 10c0/76926120fc940376afef2cb68b15aec2a99fc628b6e3cc84f2bcb1682ca9b87f982b3c10ff206faf4ebc5b410467b81a7b5e83be37b4ac386586f472e4fa1c61
  languageName: node
  linkType: hard

"@xterm/addon-webgl@npm:^0.18.0":
  version: 0.18.0
  resolution: "@xterm/addon-webgl@npm:0.18.0"
  peerDependencies:
    "@xterm/xterm": ^5.0.0
  checksum: 10c0/682a3f5f128ee09a0cf1b41cbb7b2f925a5e43056e12ba0c523b93a1f5f188045caef9e31f32db933b8a7a1b12d8f9babaddfa11e6f11df0c7b265009103476c
  languageName: node
  linkType: hard

"@xterm/xterm@npm:^5.5.0":
  version: 5.5.0
  resolution: "@xterm/xterm@npm:5.5.0"
  checksum: 10c0/358801feece58617d777b2783bec68dac1f52f736da3b0317f71a34f4e25431fb0b1920244f678b8d673f797145b4858c2a5ccb463a4a6df7c10c9093f1c9267
  languageName: node
  linkType: hard

"argparse@npm:^2.0.1":
  version: 2.0.1
  resolution: "argparse@npm:2.0.1"
  checksum: 10c0/c5640c2d89045371c7cedd6a70212a04e360fd34d6edeae32f6952c63949e3525ea77dbec0289d8213a99bbaeab5abfa860b5c12cf88a2e6cf8106e90dd27a7e
  languageName: node
  linkType: hard

"echarts@npm:^5.6.0":
  version: 5.6.0
  resolution: "echarts@npm:5.6.0"
  dependencies:
    tslib: "npm:2.3.0"
    zrender: "npm:5.6.1"
  checksum: 10c0/6d6a2ee88534d1ff0433e935c542237b9896de1c94959f47ebc7e0e9da26f59bf11c91ed6fc135b62ad2786c779ee12bc536fa481e60532dad5b6a2f5167e9ea
  languageName: node
  linkType: hard

"echarts@npm:^6.1.0":
  version: 6.1.0
  resolution: "echarts@npm:6.1.0"
  dependencies:
    tslib: "npm:2.3.0"
    zrender: "npm:6.1.0"
  checksum: 10c0/a0911a9d75969ff946d0bce998e95e1924cdec7f5ca6be13ded376e2a47067c70b264ee8d04ba84345aa7895363e202f54c87d2bae114859bd154d565babc09c
  languageName: node
  linkType: hard

"esbuild@npm:^0.25.0":
  version: 0.25.12
  resolution: "esbuild@npm:0.25.12"
  dependencies:
    "@esbuild/aix-ppc64": "npm:0.25.12"
    "@esbuild/android-arm": "npm:0.25.12"
    "@esbuild/android-arm64": "npm:0.25.12"
    "@esbuild/android-x64": "npm:0.25.12"
    "@esbuild/darwin-arm64": "npm:0.25.12"
    "@esbuild/darwin-x64": "npm:0.25.12"
    "@esbuild/freebsd-arm64": "npm:0.25.12"
    "@esbuild/freebsd-x64": "npm:0.25.12"
    "@esbuild/linux-arm": "npm:0.25.12"
    "@esbuild/linux-arm64": "npm:0.25.12"
    "@esbuild/linux-ia32": "npm:0.25.12"
    "@esbuild/linux-loong64": "npm:0.25.12"
    "@esbuild/linux-mips64el": "npm:0.25.12"
    "@esbuild/linux-ppc64": "npm:0.25.12"
    "@esbuild/linux-riscv64": "npm:0.25.12"
    "@esbuild/linux-s390x": "npm:0.25.12"
    "@esbuild/linux-x64": "npm:0.25.12"
    "@esbuild/netbsd-arm64": "npm:0.25.12"
    "@esbuild/netbsd-x64": "npm:0.25.12"
    "@esbuild/openbsd-arm64": "npm:0.25.12"
    "@esbuild/openbsd-x64": "npm:0.25.12"
    "@esbuild/openharmony-arm64": "npm:0.25.12"
    "@esbuild/sunos-x64": "npm:0.25.12"
    "@esbuild/win32-arm64": "npm:0.25.12"
    "@esbuild/win32-ia32": "npm:0.25.12"
    "@esbuild/win32-x64": "npm:0.25.12"
  dependenciesMeta:
    "@esbuild/aix-ppc64":
      optional: true
    "@esbuild/android-arm":
      optional: true
    "@esbuild/android-arm64":
      optional: true
    "@esbuild/android-x64":
      optional: true
    "@esbuild/darwin-arm64":
      optional: true
    "@esbuild/darwin-x64":
      optional: true
    "@esbuild/freebsd-arm64":
      optional: true
    "@esbuild/freebsd-x64":
      optional: true
    "@esbuild/linux-arm":
      optional: true
    "@esbuild/linux-arm64":
      optional: true
    "@esbuild/linux-ia32":
      optional: true
    "@esbuild/linux-loong64":
      optional: true
    "@esbuild/linux-mips64el":
      optional: true
    "@esbuild/linux-ppc64":
      optional: true
    "@esbuild/linux-riscv64":
      optional: true
    "@esbuild/linux-s390x":
      optional: true
    "@esbuild/linux-x64":
      optional: true
    "@esbuild/netbsd-arm64":
      optional: true
    "@esbuild/netbsd-x64":
      optional: true
    "@esbuild/openbsd-arm64":
      optional: true
    "@esbuild/openbsd-x64":
      optional: true
    "@esbuild/openharmony-arm64":
      optional: true
    "@esbuild/sunos-x64":
      optional: true
    "@esbuild/win32-arm64":
      optional: true
    "@esbuild/win32-ia32":
      optional: true
    "@esbuild/win32-x64":
      optional: true
  bin:
    esbuild: bin/esbuild
  checksum: 10c0/c205357531423220a9de8e1e6c6514242bc9b1666e762cd67ccdf8fdfdc3f1d0bd76f8d9383958b97ad4c953efdb7b6e8c1f9ca5951cd2b7c5235e8755b34a6b
  languageName: node
  linkType: hard

"js-yaml@npm:^4.1.0":
  version: 4.3.0
  resolution: "js-yaml@npm:4.3.0"
  dependencies:
    argparse: "npm:^2.0.1"
  bin:
    js-yaml: bin/js-yaml.js
  checksum: 10c0/058b30473d6915ca5b4feb11e2f7d4d97242f98d00a798ed48dd90b46b7c640398afe9128c5db22c5300f8c6528fe2a174b9a93f351a70ebc28c6203938d8bff
  languageName: node
  linkType: hard

"jsonata@npm:^2.2.1":
  version: 2.2.2
  resolution: "jsonata@npm:2.2.2"
  checksum: 10c0/f013618a9960123013cd4807ee87c270f952a6f524e43abfd89fbdf19637284da930adfbb2f2b5c6c3ee373327f9da6de8567221390bee770f01aaac08f5c487
  languageName: node
  linkType: hard

"lit-element@npm:^4.2.0":
  version: 4.2.2
  resolution: "lit-element@npm:4.2.2"
  dependencies:
    "@lit-labs/ssr-dom-shim": "npm:^1.5.0"
    "@lit/reactive-element": "npm:^2.1.0"
    lit-html: "npm:^3.3.0"
  checksum: 10c0/114ab5837f1f9e03a30b1ed1c055fa0e31f01e444464e5ab0453ef88be12d778508235533267c42614d323e3048ee58f865b5c612948a53bd6219abca404c710
  languageName: node
  linkType: hard

"lit-html@npm:^3.3.0":
  version: 3.3.3
  resolution: "lit-html@npm:3.3.3"
  dependencies:
    "@types/trusted-types": "npm:^2.0.2"
  checksum: 10c0/84e57314412ff385cc67fc482d26b77057370e2cfe3c6495cc45f692bdad840d5ed0519ddddcfae1d043bb098c66daa7e807593d5a21ac72094da14274497879
  languageName: node
  linkType: hard

"lit@npm:^3.0.0, lit@npm:^3.1.0, lit@npm:^3.2.0, lit@npm:^3.3.3":
  version: 3.3.3
  resolution: "lit@npm:3.3.3"
  dependencies:
    "@lit/reactive-element": "npm:^2.1.0"
    lit-element: "npm:^4.2.0"
    lit-html: "npm:^3.3.0"
  checksum: 10c0/11b6175ebffce92f4cf835ddd8a198d49707c27f34b0a7c538d2cb294f6c2fb7ff40aabd3589fcf0c2ed162404faaf2bb7c966fad9024bb9e02d013e2d5aa0b5
  languageName: node
  linkType: hard

"marked@npm:^15.0.0, marked@npm:^15.0.12":
  version: 15.0.12
  resolution: "marked@npm:15.0.12"
  bin:
    marked: bin/marked.js
  checksum: 10c0/e09da211544b787ecfb25fed07af206060bf7cd6d9de6cb123f15c496a57f83b7aabea93340aaa94dae9c94e097ae129377cad6310abc16009590972e85f4212
  languageName: node
  linkType: hard

"trellis-webui@workspace:.":
  version: 0.0.0-use.local
  resolution: "trellis-webui@workspace:."
  dependencies:
    "@casehubio/blocks-ui-blocks-timeline": "npm:*"
    "@casehubio/blocks-ui-core": "npm:*"
    "@casehubio/blocks-ui-kpi-metric-row": "npm:*"
    "@casehubio/pages-runtime": "npm:*"
    "@casehubio/pages-ui": "npm:*"
    "@casehubio/pages-ui-components": "npm:*"
    "@xterm/addon-fit": "npm:^0.10.0"
    "@xterm/addon-webgl": "npm:^0.18.0"
    "@xterm/xterm": "npm:^5.5.0"
    echarts: "npm:^6.1.0"
    esbuild: "npm:^0.25.0"
    lit: "npm:^3.3.3"
    marked: "npm:^15.0.12"
    typescript: "npm:^5.6.0"
  languageName: unknown
  linkType: soft

"tslib@npm:2.3.0":
  version: 2.3.0
  resolution: "tslib@npm:2.3.0"
  checksum: 10c0/a845aed84e7e7dbb4c774582da60d7030ea39d67307250442d35c4c5dd77e4b44007098c37dd079e100029c76055f2a362734b8442ba828f8cc934f15ed9be61
  languageName: node
  linkType: hard

"typescript@npm:^5.6.0":
  version: 5.9.3
  resolution: "typescript@npm:5.9.3"
  bin:
    tsc: bin/tsc
    tsserver: bin/tsserver
  checksum: 10c0/6bd7552ce39f97e711db5aa048f6f9995b53f1c52f7d8667c1abdc1700c68a76a308f579cd309ce6b53646deb4e9a1be7c813a93baaf0a28ccd536a30270e1c5
  languageName: node
  linkType: hard

"typescript@patch:typescript@npm%3A^5.6.0#optional!builtin<compat/typescript>":
  version: 5.9.3
  resolution: "typescript@patch:typescript@npm%3A5.9.3#optional!builtin<compat/typescript>::version=5.9.3&hash=5786d5"
  bin:
    tsc: bin/tsc
    tsserver: bin/tsserver
  checksum: 10c0/ad09fdf7a756814dce65bc60c1657b40d44451346858eea230e10f2e95a289d9183b6e32e5c11e95acc0ccc214b4f36289dcad4bf1886b0adb84d711d336a430
  languageName: node
  linkType: hard

"zod@npm:^3.23.0":
  version: 3.25.76
  resolution: "zod@npm:3.25.76"
  checksum: 10c0/5718ec35e3c40b600316c5b4c5e4976f7fee68151bc8f8d90ec18a469be9571f072e1bbaace10f1e85cf8892ea12d90821b200e980ab46916a6166a4260a983c
  languageName: node
  linkType: hard

"zrender@npm:5.6.1":
  version: 5.6.1
  resolution: "zrender@npm:5.6.1"
  dependencies:
    tslib: "npm:2.3.0"
  checksum: 10c0/dc1cc570054640cbd8fbb7b92e6252f225319522bfe3e8dc8bf02cc02d414e00a4c8d0a6f89bfc9d96e5e9511fdca94dd3d06bf53690df2b2f12b0fc560ac307
  languageName: node
  linkType: hard

"zrender@npm:6.1.0":
  version: 6.1.0
  resolution: "zrender@npm:6.1.0"
  dependencies:
    tslib: "npm:2.3.0"
  checksum: 10c0/bfdb5e2ccd70893a9e2c7f33959749a6a1abc8912c2b1af301a05593d677a2f6f6087cdc4f0bf73883b99eea2f2d11d1922c71c3bf0bd4e9e5b362fd32129bce
  languageName: node
  linkType: hard
